
Microsoft Visual Studio Solution File, Format Version 12.00
# Visual Studio Version 16
VisualStudioVersion = 16.0.29215.179
MinimumVisualStudioVersion = 10.0.40219.1
Project("{FAE04EC0-301F-11D3-BF4B-00C04F79EFBC}") = "SimpleCalculator", "SimpleCalculator\SimpleCalculator.csproj", "{3FD10094-14B8-4858-8E15-96295BA1BFAC}"
EndProject
Global
	GlobalSection(SolutionConfigurationPlatforms) = preSolution
		Debug|Any CPU = Debug|Any CPU
		Release|Any CPU = Release|Any CPU
	EndGlobalSection
	GlobalSection(ProjectConfigurationPlatforms) = postSolution
		{3FD10094-14B8-4858-8E15-96295BA1BFAC}.Debug|Any CPU.ActiveCfg = Debug|Any CPU
		{3FD10094-14B8-4858-8E15-96295BA1BFAC}.Debug|Any CPU.Build.0 = Debug|Any CPU
		{3FD10094-14B8-4858-8E15-96295BA1BFAC}.Release|Any CPU.ActiveCfg = Release|Any CPU
		{3FD10094-14B8-4858-8E15-96295BA1BFAC}.Release|Any CPU.Build.0 = Release|Any CPU
	EndGlobalSection
	GlobalSection(SolutionProperties) = preSolution
		HideSolutionNode = FALSE
	EndGlobalSection
	GlobalSection(ExtensibilityGlobals) = postSolution
		SolutionGuid = {242389DD-A6F3-491B-9967-4F3605ACEB11}
	EndGlobalSection
EndGlobal
